
Microsoft Visual Studio Solution File, Format Version 12.00
# Visual Studio Version 17
VisualStudioVersion = 17.0.31903.59
MinimumVisualStudioVersion = 10.0.40219.1
Project("{FAE04EC0-301F-11D3-BF4B-00C04F79EFBC}") = "NoExceptions", "NoExceptions\NoExceptions.csproj", "{D57B883F-F462-458B-9103-2A80CCD355EA}"
EndProject
Project("{FAE04EC0-301F-11D3-BF4B-00C04F79EFBC}") = "mathMagic", "mathMagic\mathMagic.csproj", "{FDFE974D-A66A-4E78-8E6B-7002AE3ADF4E}"
EndProject
Project("{FAE04EC0-301F-11D3-BF4B-00C04F79EFBC}") = "tempConverter", "tempConverter\tempConverter.csproj", "{BDA3AF45-6B8F-44A6-8BF9-09EBE7A95293}"
EndProject
Project("{FAE04EC0-301F-11D3-BF4B-00C04F79EFBC}") = "ConsoleApp1", "ConsoleApp1\ConsoleApp1.csproj", "{86028CBD-7482-48D5-AC50-E598D7DA4153}"
EndProject
Project("{FAE04EC0-301F-11D3-BF4B-00C04F79EFBC}") = "tempConverter2", "tempConverter2\tempConverter2.csproj", "{09914045-5F29-41ED-A3AB-4F63EE7C1B4B}"
EndProject
Project("{FAE04EC0-301F-11D3-BF4B-00C04F79EFBC}") = "bookStore", "bookStore\bookStore.csproj", "{4BE26522-2982-443E-A9E4-8D03E69D137C}"
EndProject
Project("{FAE04EC0-301F-11D3-BF4B-00C04F79EFBC}") = "bookStoreWithCount", "bookStoreWithCount\bookStoreWithCount.csproj", "{53C0370F-79B2-457D-9E1D-BA24150FB3D5}"
EndProject
Project("{FAE04EC0-301F-11D3-BF4B-00C04F79EFBC}") = "myProject", "myProject\myProject.csproj", "{BC04E2B7-2990-472A-AD97-849E390297FE}"
EndProject
Project("{FAE04EC0-301F-11D3-BF4B-00C04F79EFBC}") = "FunWithMusic", "FunWithMusic\FunWithMusic.csproj", "{47E35F1F-C18E-4D76-AB8B-3DAE207C6ACB}"
EndProject
Project("{FAE04EC0-301F-11D3-BF4B-00C04F79EFBC}") = "MusicArray", "MusicArray\MusicArray.csproj", "{2C9A790B-D8F4-41F6-BD25-C07A73999EDD}"
EndProject
Project("{FAE04EC0-301F-11D3-BF4B-00C04F79EFBC}") = "myParams", "myParams\myParams.csproj", "{1A7386B5-51B3-4617-B605-F97C5ACC0C87}"
EndProject
Project("{FAE04EC0-301F-11D3-BF4B-00C04F79EFBC}") = "SimpleInheritance", "SimpleInheritance\SimpleInheritance.csproj", "{25804F0C-4BF1-441E-B0B6-501021D0A5E2}"
EndProject
Project("{FAE04EC0-301F-11D3-BF4B-00C04F79EFBC}") = "AnimalInheritance", "AnimalInheritance\AnimalInheritance.csproj", "{032A3931-DEBC-497F-9A0D-D288B18EBB20}"
EndProject
Project("{FAE04EC0-301F-11D3-BF4B-00C04F79EFBC}") = "PrivateMultipleObjects", "PrivateMultipleObjects\PrivateMultipleObjects.csproj", "{FD8397B4-9DF4-4235-9323-399F1AD909CB}"
EndProject
Project("{FAE04EC0-301F-11D3-BF4B-00C04F79EFBC}") = "ProtectedMultipleObjects", "ProtectedMultipleObjects\ProtectedMultipleObjects.csproj", "{940EA832-4085-4768-9022-08776A980F81}"
EndProject
Project("{FAE04EC0-301F-11D3-BF4B-00C04F79EFBC}") = "ClubInterface", "ClubInterface\ClubInterface.csproj", "{F344C653-51DB-448D-B683-6925EF33021E}"
EndProject
Project("{FAE04EC0-301F-11D3-BF4B-00C04F79EFBC}") = "SealedClass", "SealedClass\SealedClass.csproj", "{93333E42-0D51-4A2A-9481-DB9D0C296526}"
EndProject
Project("{FAE04EC0-301F-11D3-BF4B-00C04F79EFBC}") = "AbstractAnimalClass", "AbstractAnimalClass\AbstractAnimalClass.csproj", "{80ACDF7F-D60C-4CAB-9B9E-75080072B981}"
EndProject
Project("{FAE04EC0-301F-11D3-BF4B-00C04F79EFBC}") = "CatInfo", "CatInfo\CatInfo.csproj", "{4B57B79F-9610-4B1E-98CE-0CDDE10AC474}"
EndProject
Project("{FAE04EC0-301F-11D3-BF4B-00C04F79EFBC}") = "bookStoreRecord", "bookStoreRecord\bookStoreRecord.csproj", "{EBAC25FF-6E76-42E6-8911-AA1F30AEABA8}"
EndProject
Project("{FAE04EC0-301F-11D3-BF4B-00C04F79EFBC}") = "immutableID", "immutableID\immutableID.csproj", "{77759B81-A0BC-4624-AABF-53AB4FF3A6B5}"
EndProject
Project("{FAE04EC0-301F-11D3-BF4B-00C04F79EFBC}") = "clubMemberIndexer", "clubMemberIndexer\clubMemberIndexer.csproj", "{D62A8AB4-2E0C-4E55-9816-7D587FD1D0ED}"
EndProject
Project("{FAE04EC0-301F-11D3-BF4B-00C04F79EFBC}") = "GenericAnimalClass", "GenericAnimalClass\GenericAnimalClass.csproj", "{15E51535-A0F5-4B7D-A8A7-1C2E299F95FF}"
EndProject
Project("{FAE04EC0-301F-11D3-BF4B-00C04F79EFBC}") = "WordOfTheDay", "WordOfTheDay\WordOfTheDay.csproj", "{970FB48C-EF1B-43AE-95BB-AE26E582689B}"
EndProject
Project("{FAE04EC0-301F-11D3-BF4B-00C04F79EFBC}") = "ObjectList", "ObjectList\ObjectList.csproj", "{A0D28A2E-BA8C-42F4-A0AC-812856511270}"
EndProject
Project("{FAE04EC0-301F-11D3-BF4B-00C04F79EFBC}") = "QueueCollection", "QueueCollection\QueueCollection.csproj", "{BACF99CA-3555-40EC-A632-150AA675FE55}"
EndProject
Project("{FAE04EC0-301F-11D3-BF4B-00C04F79EFBC}") = "StackCollection", "StackCollection\StackCollection.csproj", "{DB3C063C-161A-4FA8-9C8E-602212BB4F22}"
EndProject
Project("{FAE04EC0-301F-11D3-BF4B-00C04F79EFBC}") = "LinkedList", "LinkedList\LinkedList.csproj", "{B5D9942C-34FB-406D-AD83-AFD62B375716}"
EndProject
Project("{FAE04EC0-301F-11D3-BF4B-00C04F79EFBC}") = "DictionaryCollection", "DictionaryCollection\DictionaryCollection.csproj", "{A80ACEDC-8AB7-423D-B192-F37801E20C0E}"
EndProject
Project("{FAE04EC0-301F-11D3-BF4B-00C04F79EFBC}") = "Numbers", "Numbers\Numbers.csproj", "{F2498EC4-7A97-46F1-83BF-F25FEBD65608}"
EndProject
Project("{FAE04EC0-301F-11D3-BF4B-00C04F79EFBC}") = "Audit", "Audit\Audit.csproj", "{281031CA-DB3A-4BE2-A2B1-7150BCEF5193}"
EndProject
Project("{FAE04EC0-301F-11D3-BF4B-00C04F79EFBC}") = "multicastDelegates", "multicastDelegates\multicastDelegates.csproj", "{C85639B7-9653-4E71-9199-41130E98DB94}"
EndProject
Project("{FAE04EC0-301F-11D3-BF4B-00C04F79EFBC}") = "actionDelegate", "actionDelegate\actionDelegate.csproj", "{CBC23157-337F-4129-82E7-8AC62891499C}"
EndProject
Project("{FAE04EC0-301F-11D3-BF4B-00C04F79EFBC}") = "delegateEvent", "delegateEvent\delegateEvent.csproj", "{1CC8F730-FEC4-42AD-9A07-1BDA6681A0F3}"
EndProject
Project("{FAE04EC0-301F-11D3-BF4B-00C04F79EFBC}") = "famousPeople", "famousPeople\famousPeople.csproj", "{8476CA2D-86C3-4B21-9105-83D14F749A27}"
EndProject
Project("{FAE04EC0-301F-11D3-BF4B-00C04F79EFBC}") = "studentGPA", "studentGPA\studentGPA.csproj", "{7988F9F6-C477-4E06-9492-FB7D5D478152}"
EndProject
Global
	GlobalSection(SolutionConfigurationPlatforms) = preSolution
		Debug|Any CPU = Debug|Any CPU
		Release|Any CPU = Release|Any CPU
	EndGlobalSection
	GlobalSection(SolutionProperties) = preSolution
		HideSolutionNode = FALSE
	EndGlobalSection
	GlobalSection(ProjectConfigurationPlatforms) = postSolution
		{D57B883F-F462-458B-9103-2A80CCD355EA}.Debug|Any CPU.ActiveCfg = Debug|Any CPU
		{D57B883F-F462-458B-9103-2A80CCD355EA}.Debug|Any CPU.Build.0 = Debug|Any CPU
		{D57B883F-F462-458B-9103-2A80CCD355EA}.Release|Any CPU.ActiveCfg = Release|Any CPU
		{D57B883F-F462-458B-9103-2A80CCD355EA}.Release|Any CPU.Build.0 = Release|Any CPU
		{FDFE974D-A66A-4E78-8E6B-7002AE3ADF4E}.Debug|Any CPU.ActiveCfg = Debug|Any CPU
		{FDFE974D-A66A-4E78-8E6B-7002AE3ADF4E}.Debug|Any CPU.Build.0 = Debug|Any CPU
		{FDFE974D-A66A-4E78-8E6B-7002AE3ADF4E}.Release|Any CPU.ActiveCfg = Release|Any CPU
		{FDFE974D-A66A-4E78-8E6B-7002AE3ADF4E}.Release|Any CPU.Build.0 = Release|Any CPU
		{BDA3AF45-6B8F-44A6-8BF9-09EBE7A95293}.Debug|Any CPU.ActiveCfg = Debug|Any CPU
		{BDA3AF45-6B8F-44A6-8BF9-09EBE7A95293}.Debug|Any CPU.Build.0 = Debug|Any CPU
		{BDA3AF45-6B8F-44A6-8BF9-09EBE7A95293}.Release|Any CPU.ActiveCfg = Release|Any CPU
		{BDA3AF45-6B8F-44A6-8BF9-09EBE7A95293}.Release|Any CPU.Build.0 = Release|Any CPU
		{86028CBD-7482-48D5-AC50-E598D7DA4153}.Debug|Any CPU.ActiveCfg = Debug|Any CPU
		{86028CBD-7482-48D5-AC50-E598D7DA4153}.Debug|Any CPU.Build.0 = Debug|Any CPU
		{86028CBD-7482-48D5-AC50-E598D7DA4153}.Release|Any CPU.ActiveCfg = Release|Any CPU
		{86028CBD-7482-48D5-AC50-E598D7DA4153}.Release|Any CPU.Build.0 = Release|Any CPU
		{09914045-5F29-41ED-A3AB-4F63EE7C1B4B}.Debug|Any CPU.ActiveCfg = Debug|Any CPU
		{09914045-5F29-41ED-A3AB-4F63EE7C1B4B}.Debug|Any CPU.Build.0 = Debug|Any CPU
		{09914045-5F29-41ED-A3AB-4F63EE7C1B4B}.Release|Any CPU.ActiveCfg = Release|Any CPU
		{09914045-5F29-41ED-A3AB-4F63EE7C1B4B}.Release|Any CPU.Build.0 = Release|Any CPU
		{4BE26522-2982-443E-A9E4-8D03E69D137C}.Debug|Any CPU.ActiveCfg = Debug|Any CPU
		{4BE26522-2982-443E-A9E4-8D03E69D137C}.Debug|Any CPU.Build.0 = Debug|Any CPU
		{4BE26522-2982-443E-A9E4-8D03E69D137C}.Release|Any CPU.ActiveCfg = Release|Any CPU
		{4BE26522-2982-443E-A9E4-8D03E69D137C}.Release|Any CPU.Build.0 = Release|Any CPU
		{53C0370F-79B2-457D-9E1D-BA24150FB3D5}.Debug|Any CPU.ActiveCfg = Debug|Any CPU
		{53C0370F-79B2-457D-9E1D-BA24150FB3D5}.Debug|Any CPU.Build.0 = Debug|Any CPU
		{53C0370F-79B2-457D-9E1D-BA24150FB3D5}.Release|Any CPU.ActiveCfg = Release|Any CPU
		{53C0370F-79B2-457D-9E1D-BA24150FB3D5}.Release|Any CPU.Build.0 = Release|Any CPU
		{BC04E2B7-2990-472A-AD97-849E390297FE}.Debug|Any CPU.ActiveCfg = Debug|Any CPU
		{BC04E2B7-2990-472A-AD97-849E390297FE}.Debug|Any CPU.Build.0 = Debug|Any CPU
		{BC04E2B7-2990-472A-AD97-849E390297FE}.Release|Any CPU.ActiveCfg = Release|Any CPU
		{BC04E2B7-2990-472A-AD97-849E390297FE}.Release|Any CPU.Build.0 = Release|Any CPU
		{47E35F1F-C18E-4D76-AB8B-3DAE207C6ACB}.Debug|Any CPU.ActiveCfg = Debug|Any CPU
		{47E35F1F-C18E-4D76-AB8B-3DAE207C6ACB}.Debug|Any CPU.Build.0 = Debug|Any CPU
		{47E35F1F-C18E-4D76-AB8B-3DAE207C6ACB}.Release|Any CPU.ActiveCfg = Release|Any CPU
		{47E35F1F-C18E-4D76-AB8B-3DAE207C6ACB}.Release|Any CPU.Build.0 = Release|Any CPU
		{2C9A790B-D8F4-41F6-BD25-C07A73999EDD}.Debug|Any CPU.ActiveCfg = Debug|Any CPU
		{2C9A790B-D8F4-41F6-BD25-C07A73999EDD}.Debug|Any CPU.Build.0 = Debug|Any CPU
		{2C9A790B-D8F4-41F6-BD25-C07A73999EDD}.Release|Any CPU.ActiveCfg = Release|Any CPU
		{2C9A790B-D8F4-41F6-BD25-C07A73999EDD}.Release|Any CPU.Build.0 = Release|Any CPU
		{1A7386B5-51B3-4617-B605-F97C5ACC0C87}.Debug|Any CPU.ActiveCfg = Debug|Any CPU
		{1A7386B5-51B3-4617-B605-F97C5ACC0C87}.Debug|Any CPU.Build.0 = Debug|Any CPU
		{1A7386B5-51B3-4617-B605-F97C5ACC0C87}.Release|Any CPU.ActiveCfg = Release|Any CPU
		{1A7386B5-51B3-4617-B605-F97C5ACC0C87}.Release|Any CPU.Build.0 = Release|Any CPU
		{25804F0C-4BF1-441E-B0B6-501021D0A5E2}.Debug|Any CPU.ActiveCfg = Debug|Any CPU
		{25804F0C-4BF1-441E-B0B6-501021D0A5E2}.Debug|Any CPU.Build.0 = Debug|Any CPU
		{25804F0C-4BF1-441E-B0B6-501021D0A5E2}.Release|Any CPU.ActiveCfg = Release|Any CPU
		{25804F0C-4BF1-441E-B0B6-501021D0A5E2}.Release|Any CPU.Build.0 = Release|Any CPU
		{032A3931-DEBC-497F-9A0D-D288B18EBB20}.Debug|Any CPU.ActiveCfg = Debug|Any CPU
		{032A3931-DEBC-497F-9A0D-D288B18EBB20}.Debug|Any CPU.Build.0 = Debug|Any CPU
		{032A3931-DEBC-497F-9A0D-D288B18EBB20}.Release|Any CPU.ActiveCfg = Release|Any CPU
		{032A3931-DEBC-497F-9A0D-D288B18EBB20}.Release|Any CPU.Build.0 = Release|Any CPU
		{FD8397B4-9DF4-4235-9323-399F1AD909CB}.Debug|Any CPU.ActiveCfg = Debug|Any CPU
		{FD8397B4-9DF4-4235-9323-399F1AD909CB}.Debug|Any CPU.Build.0 = Debug|Any CPU
		{FD8397B4-9DF4-4235-9323-399F1AD909CB}.Release|Any CPU.ActiveCfg = Release|Any CPU
		{FD8397B4-9DF4-4235-9323-399F1AD909CB}.Release|Any CPU.Build.0 = Release|Any CPU
		{940EA832-4085-4768-9022-08776A980F81}.Debug|Any CPU.ActiveCfg = Debug|Any CPU
		{940EA832-4085-4768-9022-08776A980F81}.Debug|Any CPU.Build.0 = Debug|Any CPU
		{940EA832-4085-4768-9022-08776A980F81}.Release|Any CPU.ActiveCfg = Release|Any CPU
		{940EA832-4085-4768-9022-08776A980F81}.Release|Any CPU.Build.0 = Release|Any CPU
		{F344C653-51DB-448D-B683-6925EF33021E}.Debug|Any CPU.ActiveCfg = Debug|Any CPU
		{F344C653-51DB-448D-B683-6925EF33021E}.Debug|Any CPU.Build.0 = Debug|Any CPU
		{F344C653-51DB-448D-B683-6925EF33021E}.Release|Any CPU.ActiveCfg = Release|Any CPU
		{F344C653-51DB-448D-B683-6925EF33021E}.Release|Any CPU.Build.0 = Release|Any CPU
		{93333E42-0D51-4A2A-9481-DB9D0C296526}.Debug|Any CPU.ActiveCfg = Debug|Any CPU
		{93333E42-0D51-4A2A-9481-DB9D0C296526}.Debug|Any CPU.Build.0 = Debug|Any CPU
		{93333E42-0D51-4A2A-9481-DB9D0C296526}.Release|Any CPU.ActiveCfg = Release|Any CPU
		{93333E42-0D51-4A2A-9481-DB9D0C296526}.Release|Any CPU.Build.0 = Release|Any CPU
		{80ACDF7F-D60C-4CAB-9B9E-75080072B981}.Debug|Any CPU.ActiveCfg = Debug|Any CPU
		{80ACDF7F-D60C-4CAB-9B9E-75080072B981}.Debug|Any CPU.Build.0 = Debug|Any CPU
		{80ACDF7F-D60C-4CAB-9B9E-75080072B981}.Release|Any CPU.ActiveCfg = Release|Any CPU
		{80ACDF7F-D60C-4CAB-9B9E-75080072B981}.Release|Any CPU.Build.0 = Release|Any CPU
		{4B57B79F-9610-4B1E-98CE-0CDDE10AC474}.Debug|Any CPU.ActiveCfg = Debug|Any CPU
		{4B57B79F-9610-4B1E-98CE-0CDDE10AC474}.Debug|Any CPU.Build.0 = Debug|Any CPU
		{4B57B79F-9610-4B1E-98CE-0CDDE10AC474}.Release|Any CPU.ActiveCfg = Release|Any CPU
		{4B57B79F-9610-4B1E-98CE-0CDDE10AC474}.Release|Any CPU.Build.0 = Release|Any CPU
		{EBAC25FF-6E76-42E6-8911-AA1F30AEABA8}.Debug|Any CPU.ActiveCfg = Debug|Any CPU
		{EBAC25FF-6E76-42E6-8911-AA1F30AEABA8}.Debug|Any CPU.Build.0 = Debug|Any CPU
		{EBAC25FF-6E76-42E6-8911-AA1F30AEABA8}.Release|Any CPU.ActiveCfg = Release|Any CPU
		{EBAC25FF-6E76-42E6-8911-AA1F30AEABA8}.Release|Any CPU.Build.0 = Release|Any CPU
		{77759B81-A0BC-4624-AABF-53AB4FF3A6B5}.Debug|Any CPU.ActiveCfg = Debug|Any CPU
		{77759B81-A0BC-4624-AABF-53AB4FF3A6B5}.Debug|Any CPU.Build.0 = Debug|Any CPU
		{77759B81-A0BC-4624-AABF-53AB4FF3A6B5}.Release|Any CPU.ActiveCfg = Release|Any CPU
		{77759B81-A0BC-4624-AABF-53AB4FF3A6B5}.Release|Any CPU.Build.0 = Release|Any CPU
		{D62A8AB4-2E0C-4E55-9816-7D587FD1D0ED}.Debug|Any CPU.ActiveCfg = Debug|Any CPU
		{D62A8AB4-2E0C-4E55-9816-7D587FD1D0ED}.Debug|Any CPU.Build.0 = Debug|Any CPU
		{D62A8AB4-2E0C-4E55-9816-7D587FD1D0ED}.Release|Any CPU.ActiveCfg = Release|Any CPU
		{D62A8AB4-2E0C-4E55-9816-7D587FD1D0ED}.Release|Any CPU.Build.0 = Release|Any CPU
		{15E51535-A0F5-4B7D-A8A7-1C2E299F95FF}.Debug|Any CPU.ActiveCfg = Debug|Any CPU
		{15E51535-A0F5-4B7D-A8A7-1C2E299F95FF}.Debug|Any CPU.Build.0 = Debug|Any CPU
		{15E51535-A0F5-4B7D-A8A7-1C2E299F95FF}.Release|Any CPU.ActiveCfg = Release|Any CPU
		{15E51535-A0F5-4B7D-A8A7-1C2E299F95FF}.Release|Any CPU.Build.0 = Release|Any CPU
		{970FB48C-EF1B-43AE-95BB-AE26E582689B}.Debug|Any CPU.ActiveCfg = Debug|Any CPU
		{970FB48C-EF1B-43AE-95BB-AE26E582689B}.Debug|Any CPU.Build.0 = Debug|Any CPU
		{970FB48C-EF1B-43AE-95BB-AE26E582689B}.Release|Any CPU.ActiveCfg = Release|Any CPU
		{970FB48C-EF1B-43AE-95BB-AE26E582689B}.Release|Any CPU.Build.0 = Release|Any CPU
		{A0D28A2E-BA8C-42F4-A0AC-812856511270}.Debug|Any CPU.ActiveCfg = Debug|Any CPU
		{A0D28A2E-BA8C-42F4-A0AC-812856511270}.Debug|Any CPU.Build.0 = Debug|Any CPU
		{A0D28A2E-BA8C-42F4-A0AC-812856511270}.Release|Any CPU.ActiveCfg = Release|Any CPU
		{A0D28A2E-BA8C-42F4-A0AC-812856511270}.Release|Any CPU.Build.0 = Release|Any CPU
		{BACF99CA-3555-40EC-A632-150AA675FE55}.Debug|Any CPU.ActiveCfg = Debug|Any CPU
		{BACF99CA-3555-40EC-A632-150AA675FE55}.Debug|Any CPU.Build.0 = Debug|Any CPU
		{BACF99CA-3555-40EC-A632-150AA675FE55}.Release|Any CPU.ActiveCfg = Release|Any CPU
		{BACF99CA-3555-40EC-A632-150AA675FE55}.Release|Any CPU.Build.0 = Release|Any CPU
		{DB3C063C-161A-4FA8-9C8E-602212BB4F22}.Debug|Any CPU.ActiveCfg = Debug|Any CPU
		{DB3C063C-161A-4FA8-9C8E-602212BB4F22}.Debug|Any CPU.Build.0 = Debug|Any CPU
		{DB3C063C-161A-4FA8-9C8E-602212BB4F22}.Release|Any CPU.ActiveCfg = Release|Any CPU
		{DB3C063C-161A-4FA8-9C8E-602212BB4F22}.Release|Any CPU.Build.0 = Release|Any CPU
		{B5D9942C-34FB-406D-AD83-AFD62B375716}.Debug|Any CPU.ActiveCfg = Debug|Any CPU
		{B5D9942C-34FB-406D-AD83-AFD62B375716}.Debug|Any CPU.Build.0 = Debug|Any CPU
		{B5D9942C-34FB-406D-AD83-AFD62B375716}.Release|Any CPU.ActiveCfg = Release|Any CPU
		{B5D9942C-34FB-406D-AD83-AFD62B375716}.Release|Any CPU.Build.0 = Release|Any CPU
		{A80ACEDC-8AB7-423D-B192-F37801E20C0E}.Debug|Any CPU.ActiveCfg = Debug|Any CPU
		{A80ACEDC-8AB7-423D-B192-F37801E20C0E}.Debug|Any CPU.Build.0 = Debug|Any CPU
		{A80ACEDC-8AB7-423D-B192-F37801E20C0E}.Release|Any CPU.ActiveCfg = Release|Any CPU
		{A80ACEDC-8AB7-423D-B192-F37801E20C0E}.Release|Any CPU.Build.0 = Release|Any CPU
		{F2498EC4-7A97-46F1-83BF-F25FEBD65608}.Debug|Any CPU.ActiveCfg = Debug|Any CPU
		{F2498EC4-7A97-46F1-83BF-F25FEBD65608}.Debug|Any CPU.Build.0 = Debug|Any CPU
		{F2498EC4-7A97-46F1-83BF-F25FEBD65608}.Release|Any CPU.ActiveCfg = Release|Any CPU
		{F2498EC4-7A97-46F1-83BF-F25FEBD65608}.Release|Any CPU.Build.0 = Release|Any CPU
		{281031CA-DB3A-4BE2-A2B1-7150BCEF5193}.Debug|Any CPU.ActiveCfg = Debug|Any CPU
		{281031CA-DB3A-4BE2-A2B1-7150BCEF5193}.Debug|Any CPU.Build.0 = Debug|Any CPU
		{281031CA-DB3A-4BE2-A2B1-7150BCEF5193}.Release|Any CPU.ActiveCfg = Release|Any CPU
		{281031CA-DB3A-4BE2-A2B1-7150BCEF5193}.Release|Any CPU.Build.0 = Release|Any CPU
		{C85639B7-9653-4E71-9199-41130E98DB94}.Debug|Any CPU.ActiveCfg = Debug|Any CPU
		{C85639B7-9653-4E71-9199-41130E98DB94}.Debug|Any CPU.Build.0 = Debug|Any CPU
		{C85639B7-9653-4E71-9199-41130E98DB94}.Release|Any CPU.ActiveCfg = Release|Any CPU
		{C85639B7-9653-4E71-9199-41130E98DB94}.Release|Any CPU.Build.0 = Release|Any CPU
		{CBC23157-337F-4129-82E7-8AC62891499C}.Debug|Any CPU.ActiveCfg = Debug|Any CPU
		{CBC23157-337F-4129-82E7-8AC62891499C}.Debug|Any CPU.Build.0 = Debug|Any CPU
		{CBC23157-337F-4129-82E7-8AC62891499C}.Release|Any CPU.ActiveCfg = Release|Any CPU
		{CBC23157-337F-4129-82E7-8AC62891499C}.Release|Any CPU.Build.0 = Release|Any CPU
		{1CC8F730-FEC4-42AD-9A07-1BDA6681A0F3}.Debug|Any CPU.ActiveCfg = Debug|Any CPU
		{1CC8F730-FEC4-42AD-9A07-1BDA6681A0F3}.Debug|Any CPU.Build.0 = Debug|Any CPU
		{1CC8F730-FEC4-42AD-9A07-1BDA6681A0F3}.Release|Any CPU.ActiveCfg = Release|Any CPU
		{1CC8F730-FEC4-42AD-9A07-1BDA6681A0F3}.Release|Any CPU.Build.0 = Release|Any CPU
		{8476CA2D-86C3-4B21-9105-83D14F749A27}.Debug|Any CPU.ActiveCfg = Debug|Any CPU
		{8476CA2D-86C3-4B21-9105-83D14F749A27}.Debug|Any CPU.Build.0 = Debug|Any CPU
		{8476CA2D-86C3-4B21-9105-83D14F749A27}.Release|Any CPU.ActiveCfg = Release|Any CPU
		{8476CA2D-86C3-4B21-9105-83D14F749A27}.Release|Any CPU.Build.0 = Release|Any CPU
		{7988F9F6-C477-4E06-9492-FB7D5D478152}.Debug|Any CPU.ActiveCfg = Debug|Any CPU
		{7988F9F6-C477-4E06-9492-FB7D5D478152}.Debug|Any CPU.Build.0 = Debug|Any CPU
		{7988F9F6-C477-4E06-9492-FB7D5D478152}.Release|Any CPU.ActiveCfg = Release|Any CPU
		{7988F9F6-C477-4E06-9492-FB7D5D478152}.Release|Any CPU.Build.0 = Release|Any CPU
	EndGlobalSection
EndGlobal
